
Microsoft Visual Studio Solution File, Format Version 12.00
# Visual Studio Version 17
VisualStudioVersion = 17.13.35806.99 d17.13
MinimumVisualStudioVersion = 10.0.40219.1
Project("{FAE04EC0-301F-11D3-BF4B-00C04F79EFBC}") = "WindowsFormsAppFinal", "WindowsFormsAppFinal\WindowsFormsAppFinal.csproj", "{D4DB4364-52CA-4ADD-8EA0-38BB582C2748}"
EndProject
Global
	GlobalSection(SolutionConfigurationPlatforms) = preSolution
		Debug|Any CPU = Debug|Any CPU
		Release|Any CPU = Release|Any CPU
	EndGlobalSection
	GlobalSection(ProjectConfigurationPlatforms) = postSolution
		{D4DB4364-52CA-4ADD-8EA0-38BB582C2748}.Debug|Any CPU.ActiveCfg = Debug|Any CPU
		{D4DB4364-52CA-4ADD-8EA0-38BB582C2748}.Debug|Any CPU.Build.0 = Debug|Any CPU
		{D4DB4364-52CA-4ADD-8EA0-38BB582C2748}.Release|Any CPU.ActiveCfg = Release|Any CPU
		{D4DB4364-52CA-4ADD-8EA0-38BB582C2748}.Release|Any CPU.Build.0 = Release|Any CPU
	EndGlobalSection
	GlobalSection(SolutionProperties) = preSolution
		HideSolutionNode = FALSE
	EndGlobalSection
	GlobalSection(ExtensibilityGlobals) = postSolution
		SolutionGuid = {404AE0F7-45BC-4A06-9FCF-4716E808F1BC}
	EndGlobalSection
EndGlobal
